# This file is automatically @generated by Cargo.
# It is not intended for manual editing.
version = 3

[[package]]
name = "TerimalRtdm"
version = "0.0.2"
source = "registry+https://github.com/rust-lang/crates.io-index"
checksum = "f9e942e067201fec8298ef4d9a0f2b31c2f59ae308e1fece9469a46d4e1376b7"

[[package]]
name = "Threamon"
version = "0.1.0"
dependencies = [
 "TerimalRtdm",
]
